
Microsoft Visual Studio Solution File, Format Version 12.00
# Visual Studio Version 17
VisualStudioVersion = 17.1.32414.318
MinimumVisualStudioVersion = 10.0.40219.1
Project("{FAE04EC0-301F-11D3-BF4B-00C04F79EFBC}") = "(b)1", "(b)1\(b)1.csproj", "{22021AFA-73E2-433F-9427-B1CDD1EC37CA}"
EndProject
Global
	GlobalSection(SolutionConfigurationPlatforms) = preSolution
		Debug|Any CPU = Debug|Any CPU
		Release|Any CPU = Release|Any CPU
	EndGlobalSection
	GlobalSection(ProjectConfigurationPlatforms) = postSolution
		{22021AFA-73E2-433F-9427-B1CDD1EC37CA}.Debug|Any CPU.ActiveCfg = Debug|Any CPU
		{22021AFA-73E2-433F-9427-B1CDD1EC37CA}.Debug|Any CPU.Build.0 = Debug|Any CPU
		{22021AFA-73E2-433F-9427-B1CDD1EC37CA}.Release|Any CPU.ActiveCfg = Release|Any CPU
		{22021AFA-73E2-433F-9427-B1CDD1EC37CA}.Release|Any CPU.Build.0 = Release|Any CPU
	EndGlobalSection
	GlobalSection(SolutionProperties) = preSolution
		HideSolutionNode = FALSE
	EndGlobalSection
	GlobalSection(ExtensibilityGlobals) = postSolution
		SolutionGuid = {749963A2-DC7D-41F3-AC0F-FCD389CC7480}
	EndGlobalSection
EndGlobal
