
Microsoft Visual Studio Solution File, Format Version 12.00
# Visual Studio Version 17
VisualStudioVersion = 17.1.32414.318
MinimumVisualStudioVersion = 10.0.40219.1
Project("{FAE04EC0-301F-11D3-BF4B-00C04F79EFBC}") = "(b)", "(b)\(b).csproj", "{C6F41F7D-D7D4-4FBD-B231-83F94C3887F1}"
EndProject
Global
	GlobalSection(SolutionConfigurationPlatforms) = preSolution
		Debug|Any CPU = Debug|Any CPU
		Release|Any CPU = Release|Any CPU
	EndGlobalSection
	GlobalSection(ProjectConfigurationPlatforms) = postSolution
		{C6F41F7D-D7D4-4FBD-B231-83F94C3887F1}.Debug|Any CPU.ActiveCfg = Debug|Any CPU
		{C6F41F7D-D7D4-4FBD-B231-83F94C3887F1}.Debug|Any CPU.Build.0 = Debug|Any CPU
		{C6F41F7D-D7D4-4FBD-B231-83F94C3887F1}.Release|Any CPU.ActiveCfg = Release|Any CPU
		{C6F41F7D-D7D4-4FBD-B231-83F94C3887F1}.Release|Any CPU.Build.0 = Release|Any CPU
	EndGlobalSection
	GlobalSection(SolutionProperties) = preSolution
		HideSolutionNode = FALSE
	EndGlobalSection
	GlobalSection(ExtensibilityGlobals) = postSolution
		SolutionGuid = {C9F0D04C-370E-4853-B14C-F0C03B12ED39}
	EndGlobalSection
EndGlobal
