
Microsoft Visual Studio Solution File, Format Version 12.00
# Visual Studio Version 17
VisualStudioVersion = 17.1.32414.318
MinimumVisualStudioVersion = 10.0.40219.1
Project("{FAE04EC0-301F-11D3-BF4B-00C04F79EFBC}") = "(d)", "(d)\(d).csproj", "{C146099C-7428-4819-B026-CB86794649A8}"
EndProject
Global
	GlobalSection(SolutionConfigurationPlatforms) = preSolution
		Debug|Any CPU = Debug|Any CPU
		Release|Any CPU = Release|Any CPU
	EndGlobalSection
	GlobalSection(ProjectConfigurationPlatforms) = postSolution
		{C146099C-7428-4819-B026-CB86794649A8}.Debug|Any CPU.ActiveCfg = Debug|Any CPU
		{C146099C-7428-4819-B026-CB86794649A8}.Debug|Any CPU.Build.0 = Debug|Any CPU
		{C146099C-7428-4819-B026-CB86794649A8}.Release|Any CPU.ActiveCfg = Release|Any CPU
		{C146099C-7428-4819-B026-CB86794649A8}.Release|Any CPU.Build.0 = Release|Any CPU
	EndGlobalSection
	GlobalSection(SolutionProperties) = preSolution
		HideSolutionNode = FALSE
	EndGlobalSection
	GlobalSection(ExtensibilityGlobals) = postSolution
		SolutionGuid = {D75664D7-1C4D-4534-943E-552F7B4C3063}
	EndGlobalSection
EndGlobal
